
Microsoft Visual Studio Solution File, Format Version 12.00
# Visual Studio Version 17
VisualStudioVersion = 17.7.34024.191
MinimumVisualStudioVersion = 10.0.40219.1
Project("{8BC9CEB8-8B4A-11D0-8D11-00A0C91BC942}") = "2dGP_7", "2dGP_7\2dGP_7.vcxproj", "{95B4A532-3408-43E3-9D4E-4088A02442D4}"
EndProject
Global
	GlobalSection(SolutionConfigurationPlatforms) = preSolution
		Debug|x64 = Debug|x64
		Debug|x86 = Debug|x86
		Release|x64 = Release|x64
		Release|x86 = Release|x86
	EndGlobalSection
	GlobalSection(ProjectConfigurationPlatforms) = postSolution
		{95B4A532-3408-43E3-9D4E-4088A02442D4}.Debug|x64.ActiveCfg = Debug|x64
		{95B4A532-3408-43E3-9D4E-4088A02442D4}.Debug|x64.Build.0 = Debug|x64
		{95B4A532-3408-43E3-9D4E-4088A02442D4}.Debug|x86.ActiveCfg = Debug|Win32
		{95B4A532-3408-43E3-9D4E-4088A02442D4}.Debug|x86.Build.0 = Debug|Win32
		{95B4A532-3408-43E3-9D4E-4088A02442D4}.Release|x64.ActiveCfg = Release|x64
		{95B4A532-3408-43E3-9D4E-4088A02442D4}.Release|x64.Build.0 = Release|x64
		{95B4A532-3408-43E3-9D4E-4088A02442D4}.Release|x86.ActiveCfg = Release|Win32
		{95B4A532-3408-43E3-9D4E-4088A02442D4}.Release|x86.Build.0 = Release|Win32
	EndGlobalSection
	GlobalSection(SolutionProperties) = preSolution
		HideSolutionNode = FALSE
	EndGlobalSection
	GlobalSection(ExtensibilityGlobals) = postSolution
		SolutionGuid = {541476A4-75C7-4473-8309-F0F3E2425BCB}
	EndGlobalSection
EndGlobal
